{
  "lockfileVersion": 1,
  "configVersion": 1,
  "workspaces": {
    "": {
      "name": "fiber-connector",
      "devDependencies": {
        "@types/bun": "latest",
        "@typescript/native-preview": "latest",
      },
    },
  },
  "packages": {
    "@types/bun": ["@types/bun@1.3.11", "https://registry.npmmirror.com/@types/bun/-/bun-1.3.11.tgz", { "dependencies": { "bun-types": "1.3.11" } }, "sha512-5vPne5QvtpjGpsGYXiFyycfpDF2ECyPcTSsFBMa0fraoxiQyMJ3SmuQIGhzPg2WJuWxVBoxWJ2kClYTcw/4fAg=="],

    "@types/node": ["@types/node@25.5.2", "https://registry.npmmirror.com/@types/node/-/node-25.5.2.tgz", { "dependencies": { "undici-types": "~7.18.0" } }, "sha512-tO4ZIRKNC+MDWV4qKVZe3Ql/woTnmHDr5JD8UI5hn2pwBrHEwOEMZK7WlNb5RKB6EoJ02gwmQS9OrjuFnZYdpg=="],

    "@typescript/native-preview": ["@typescript/native-preview@7.0.0-dev.20260406.1", "https://registry.npmmirror.com/@typescript/native-preview/-/native-preview-7.0.0-dev.20260406.1.tgz", { "optionalDependencies": { "@typescript/native-preview-darwin-arm64": "7.0.0-dev.20260406.1", "@typescript/native-preview-darwin-x64": "7.0.0-dev.20260406.1", "@typescript/native-preview-linux-arm": "7.0.0-dev.20260406.1", "@typescript/native-preview-linux-arm64": "7.0.0-dev.20260406.1", "@typescript/native-preview-linux-x64": "7.0.0-dev.20260406.1", "@typescript/native-preview-win32-arm64": "7.0.0-dev.20260406.1", "@typescript/native-preview-win32-x64": "7.0.0-dev.20260406.1" }, "bin": { "tsgo": "bin/tsgo.js" } }, "sha512-hlVajr01Y/ZmI9iZ7A6BgPxqXccGqxuc/PmVNdanr/LZdtsH9q11y2H3NFMaOrbPlDoeWxHvGUT3wsZllCphyg=="],

    "@typescript/native-preview-darwin-arm64": ["@typescript/native-preview-darwin-arm64@7.0.0-dev.20260406.1", "https://registry.npmmirror.com/@typescript/native-preview-darwin-arm64/-/native-preview-darwin-arm64-7.0.0-dev.20260406.1.tgz", { "os": "darwin", "cpu": "arm64" }, "sha512-q6AMrDHlD6dQHpRuGOewhvKTCBDWRgJ42678+muvHbdHkBafRSUSBRiYasUp8cInK22jlkVwNLqQn6j7Sl9zVg=="],

    "@typescript/native-preview-darwin-x64": ["@typescript/native-preview-darwin-x64@7.0.0-dev.20260406.1", "https://registry.npmmirror.com/@typescript/native-preview-darwin-x64/-/native-preview-darwin-x64-7.0.0-dev.20260406.1.tgz", { "os": "darwin", "cpu": "x64" }, "sha512-3v8LplbhJwY4GlBawgJt4ydn0sYeowGMniGiPMBl38ioYAIJOriuBvAk+S/gbOoIfLjMLq0L65fnQN+w9+i5ag=="],

    "@typescript/native-preview-linux-arm": ["@typescript/native-preview-linux-arm@7.0.0-dev.20260406.1", "https://registry.npmmirror.com/@typescript/native-preview-linux-arm/-/native-preview-linux-arm-7.0.0-dev.20260406.1.tgz", { "os": "linux", "cpu": "arm" }, "sha512-KLa4bK2BxnQwc9uefI8rtaso3cNiRI5Y19z9Jx7UzFJS4YaxtFp5cVjfy4FlQ55ixtUExmCJH7GhSzuVeFl/Jw=="],

    "@typescript/native-preview-linux-arm64": ["@typescript/native-preview-linux-arm64@7.0.0-dev.20260406.1", "https://registry.npmmirror.com/@typescript/native-preview-linux-arm64/-/native-preview-linux-arm64-7.0.0-dev.20260406.1.tgz", { "os": "linux", "cpu": "arm64" }, "sha512-hRY2czBKisYtcbwgl8HZBA7u/KKUumNlL0X2OpCK1BtQzKbHXAXi1HxUCPbwgHu4v6uGibvniny0BPA6MVrHDA=="],

    "@typescript/native-preview-linux-x64": ["@typescript/native-preview-linux-x64@7.0.0-dev.20260406.1", "https://registry.npmmirror.com/@typescript/native-preview-linux-x64/-/native-preview-linux-x64-7.0.0-dev.20260406.1.tgz", { "os": "linux", "cpu": "x64" }, "sha512-Cbcy+lSctRHNmqvLl+l8RgomL0qX3wxEPKCOIdQ/ooicsIPFbkK57Cwdhw3RSpJ+Xb2LzLdneA2Q1Vg+f/Nwxg=="],

    "@typescript/native-preview-win32-arm64": ["@typescript/native-preview-win32-arm64@7.0.0-dev.20260406.1", "https://registry.npmmirror.com/@typescript/native-preview-win32-arm64/-/native-preview-win32-arm64-7.0.0-dev.20260406.1.tgz", { "os": "win32", "cpu": "arm64" }, "sha512-IFIkbYABge7f83A16awJJWUCrDG1Lw4//NCdU927i/CjgxG09q4ZJeVXcIbZQ5lJWwraiSTa6AMqvhF/tnR2KQ=="],

    "@typescript/native-preview-win32-x64": ["@typescript/native-preview-win32-x64@7.0.0-dev.20260406.1", "https://registry.npmmirror.com/@typescript/native-preview-win32-x64/-/native-preview-win32-x64-7.0.0-dev.20260406.1.tgz", { "os": "win32", "cpu": "x64" }, "sha512-Jk7wP6SPaELTGY+ijvpude+dmXX9WeuLQLk9qjevQXTusFVcT8vjvepxJVshSJ1+Thmxy1t9v4l1pHnM3XUMjw=="],

    "bun-types": ["bun-types@1.3.11", "https://registry.npmmirror.com/bun-types/-/bun-types-1.3.11.tgz", { "dependencies": { "@types/node": "*" } }, "sha512-1KGPpoxQWl9f6wcZh57LvrPIInQMn2TQ7jsgxqpRzg+l0QPOFvJVH7HmvHo/AiPgwXy+/Thf6Ov3EdVn1vOabg=="],

    "undici-types": ["undici-types@7.18.2", "https://registry.npmmirror.com/undici-types/-/undici-types-7.18.2.tgz", {}, "sha512-AsuCzffGHJybSaRrmr5eHr81mwJU3kjw6M+uprWvCXiNeN9SOGwQ3Jn8jb8m3Z6izVgknn1R0FTCEAP2QrLY/w=="],
  }
}
